{
  "name": "zeebe-pr-workflow",
  "version": "1.0.0",
  "lockfileVersion": 1,
  "requires": true,
  "dependencies": {
    "micromustache": {
      "version": "8.0.3",
      "resolved": "https://registry.npmjs.org/micromustache/-/micromustache-8.0.3.tgz",
      "integrity": "sha512-SXjrEPuYNtWq0reR9LR2nHdzdQx/3re9HPcDGjm00L7hi2RsH5KMRBhYEBvPdyQC51RW/2TznjwX/sQLPPyHNw=="
    },
    "nodemailer": {
      "version": "6.4.11",
      "resolved": "https://registry.npmjs.org/nodemailer/-/nodemailer-6.4.11.tgz",
      "integrity": "sha512-BVZBDi+aJV4O38rxsUh164Dk1NCqgh6Cm0rQSb9SK/DHGll/DrCMnycVDD7msJgZCnmVa8ASo8EZzR7jsgTukQ=="
    }
  }
}
